// !$*UTF8*$!
{
	archiveVersion = 1;
	classes = {
	};
	objectVersion = 55;
	objects = {

/* Begin PBXBuildFile section */
		6547376E29B8973800523B18 /* Permission.swift in Sources */ = {isa = PBXBuildFile; fileRef = 6547376D29B8973800523B18 /* Permission.swift */; };
		658FC8BA29B8395D008CB815 /* ViewControllerNative.swift in Sources */ = {isa = PBXBuildFile; fileRef = 658FC8B929B8395D008CB815 /* ViewControllerNative.swift */; };
		D4123A7628261377002C3C42 /* UIConstants.swift in Sources */ = {isa = PBXBuildFile; fileRef = D4123A7528261377002C3C42 /* UIConstants.swift */; };
		D4123A7F2826EF3B002C3C42 /* TwoFHeyTests.swift in Sources */ = {isa = PBXBuildFile; fileRef = D4123A7E2826EF3B002C3C42 /* TwoFHeyTests.swift */; };
		D41FABD828177D7F00B0F829 /* WebKit.framework in Frameworks */ = {isa = PBXBuildFile; fileRef = D41FABD728177D7F00B0F829 /* WebKit.framework */; };
		D4331327281F5D3500AC5343 /* SQLite in Frameworks */ = {isa = PBXBuildFile; productRef = D4331326281F5D3500AC5343 /* SQLite */; };
		D433132F281F630400AC5343 /* AutoLauncherAppDelegate.swift in Sources */ = {isa = PBXBuildFile; fileRef = D433132E281F630400AC5343 /* AutoLauncherAppDelegate.swift */; };
		D4331341281F655900AC5343 /* ServiceManagement.framework in Frameworks */ = {isa = PBXBuildFile; fileRef = D4331340281F655900AC5343 /* ServiceManagement.framework */; };
		D4331344281F6B6700AC5343 /* HotKey in Frameworks */ = {isa = PBXBuildFile; productRef = D4331343281F6B6700AC5343 /* HotKey */; };
		D479A3E02821E74500915AAA /* CustomOTPParsers.swift in Sources */ = {isa = PBXBuildFile; fileRef = D479A3DF2821E74500915AAA /* CustomOTPParsers.swift */; };
		D479A3E22821EE2600915AAA /* Extensions.swift in Sources */ = {isa = PBXBuildFile; fileRef = D479A3E12821EE2600915AAA /* Extensions.swift */; };
		D479A3E42821FF9A00915AAA /* OTPParserConfiguration.swift in Sources */ = {isa = PBXBuildFile; fileRef = D479A3E32821FF9A00915AAA /* OTPParserConfiguration.swift */; };
		D479A3E72822B7B300915AAA /* ParserConfigManager.swift in Sources */ = {isa = PBXBuildFile; fileRef = D479A3E62822B7B300915AAA /* ParserConfigManager.swift */; };
		D4AF833B2825FE400034A7BE /* main.swift in Sources */ = {isa = PBXBuildFile; fileRef = D41FABE428178CDB00B0F829 /* main.swift */; };
		D4AF833D2825FFFA0034A7BE /* AutoLauncher.app in Copy Files */ = {isa = PBXBuildFile; fileRef = D433132C281F630400AC5343 /* AutoLauncher.app */; settings = {ATTRIBUTES = (RemoveHeadersOnCopy, ); }; };
		D4AF833F2826018D0034A7BE /* Main.xib in Resources */ = {isa = PBXBuildFile; fileRef = D4AF833E2826018D0034A7BE /* Main.xib */; };
		D4F5CAA02817688800A39E6D /* AppDelegate.swift in Sources */ = {isa = PBXBuildFile; fileRef = D4F5CA9F2817688800A39E6D /* AppDelegate.swift */; };
		D4F5CAA42817688900A39E6D /* Assets.xcassets in Resources */ = {isa = PBXBuildFile; fileRef = D4F5CAA32817688900A39E6D /* Assets.xcassets */; };
		D4F5CAA72817688900A39E6D /* Main.storyboard in Resources */ = {isa = PBXBuildFile; fileRef = D4F5CAA52817688900A39E6D /* Main.storyboard */; };
		D4F5CAB2281768B000A39E6D /* OTPParserContants.swift in Sources */ = {isa = PBXBuildFile; fileRef = D4F5CAAF281768B000A39E6D /* OTPParserContants.swift */; };
		D4F5CAB3281768B000A39E6D /* CustomOTPParser.swift in Sources */ = {isa = PBXBuildFile; fileRef = D4F5CAB0281768B000A39E6D /* CustomOTPParser.swift */; };
		D4F5CAB4281768B000A39E6D /* OTPParser.swift in Sources */ = {isa = PBXBuildFile; fileRef = D4F5CAB1281768B000A39E6D /* OTPParser.swift */; };
		D4F5CAB8281768C500A39E6D /* OverlayView.swift in Sources */ = {isa = PBXBuildFile; fileRef = D4F5CAB6281768C500A39E6D /* OverlayView.swift */; };
		D4F5CABC281768E100A39E6D /* Message.swift in Sources */ = {isa = PBXBuildFile; fileRef = D4F5CABB281768E100A39E6D /* Message.swift */; };
		D4F5CABE281768EC00A39E6D /* MessageManager.swift in Sources */ = {isa = PBXBuildFile; fileRef = D4F5CABD281768EC00A39E6D /* MessageManager.swift */; };
		D4F5CAC32817725100A39E6D /* AppStateManager.swift in Sources */ = {isa = PBXBuildFile; fileRef = D4F5CAC22817725100A39E6D /* AppStateManager.swift */; };
/* End PBXBuildFile section */

/* Begin PBXContainerItemProxy section */
		0F6D3C702BA8C51B00FCC40A /* PBXContainerItemProxy */ = {
			isa = PBXContainerItemProxy;
			containerPortal = D4F5CA942817688800A39E6D /* Project object */;
			proxyType = 1;
			remoteGlobalIDString = D4F5CA9B2817688800A39E6D;
			remoteInfo = TwoFHey;
		};
/* End PBXContainerItemProxy section */

/* Begin PBXCopyFilesBuildPhase section */
		D433133E281F652900AC5343 /* Copy Files */ = {
			isa = PBXCopyFilesBuildPhase;
			buildActionMask = 12;
			dstPath = Contents/Library/LoginItems;
			dstSubfolderSpec = 1;
			files = (
				D4AF833D2825FFFA0034A7BE /* AutoLauncher.app in Copy Files */,
			);
			name = "Copy Files";
			runOnlyForDeploymentPostprocessing = 0;
		};
/* End PBXCopyFilesBuildPhase section */

/* Begin PBXFileReference section */
		6547376D29B8973800523B18 /* Permission.swift */ = {isa = PBXFileReference; lastKnownFileType = sourcecode.swift; path = Permission.swift; sourceTree = "<group>"; };
		658FC8B929B8395D008CB815 /* ViewControllerNative.swift */ = {isa = PBXFileReference; lastKnownFileType = sourcecode.swift; path = ViewControllerNative.swift; sourceTree = "<group>"; };
		D4123A7528261377002C3C42 /* UIConstants.swift */ = {isa = PBXFileReference; lastKnownFileType = sourcecode.swift; path = UIConstants.swift; sourceTree = "<group>"; };
		D4123A7C2826EF3B002C3C42 /* TwoFHeyTests.xctest */ = {isa = PBXFileReference; explicitFileType = wrapper.cfbundle; includeInIndex = 0; path = TwoFHeyTests.xctest; sourceTree = BUILT_PRODUCTS_DIR; };
		D4123A7E2826EF3B002C3C42 /* TwoFHeyTests.swift */ = {isa = PBXFileReference; lastKnownFileType = sourcecode.swift; path = TwoFHeyTests.swift; sourceTree = "<group>"; };
		D41FABD728177D7F00B0F829 /* WebKit.framework */ = {isa = PBXFileReference; lastKnownFileType = wrapper.framework; name = WebKit.framework; path = System/Library/Frameworks/WebKit.framework; sourceTree = SDKROOT; };
		D41FABE428178CDB00B0F829 /* main.swift */ = {isa = PBXFileReference; lastKnownFileType = sourcecode.swift; path = main.swift; sourceTree = "<group>"; };
		D433132C281F630400AC5343 /* AutoLauncher.app */ = {isa = PBXFileReference; explicitFileType = wrapper.application; includeInIndex = 0; path = AutoLauncher.app; sourceTree = BUILT_PRODUCTS_DIR; };
		D433132E281F630400AC5343 /* AutoLauncherAppDelegate.swift */ = {isa = PBXFileReference; lastKnownFileType = sourcecode.swift; path = AutoLauncherAppDelegate.swift; sourceTree = "<group>"; };
		D4331337281F630600AC5343 /* AutoLauncher.entitlements */ = {isa = PBXFileReference; lastKnownFileType = text.plist.entitlements; path = AutoLauncher.entitlements; sourceTree = "<group>"; };
		D433133B281F639800AC5343 /* Info.plist */ = {isa = PBXFileReference; lastKnownFileType = text.plist; path = Info.plist; sourceTree = "<group>"; };
		D4331340281F655900AC5343 /* ServiceManagement.framework */ = {isa = PBXFileReference; lastKnownFileType = wrapper.framework; name = ServiceManagement.framework; path = System/Library/Frameworks/ServiceManagement.framework; sourceTree = SDKROOT; };
		D479A3DF2821E74500915AAA /* CustomOTPParsers.swift */ = {isa = PBXFileReference; lastKnownFileType = sourcecode.swift; path = CustomOTPParsers.swift; sourceTree = "<group>"; };
		D479A3E12821EE2600915AAA /* Extensions.swift */ = {isa = PBXFileReference; lastKnownFileType = sourcecode.swift; path = Extensions.swift; sourceTree = "<group>"; };
		D479A3E32821FF9A00915AAA /* OTPParserConfiguration.swift */ = {isa = PBXFileReference; lastKnownFileType = sourcecode.swift; path = OTPParserConfiguration.swift; sourceTree = "<group>"; };
		D479A3E62822B7B300915AAA /* ParserConfigManager.swift */ = {isa = PBXFileReference; lastKnownFileType = sourcecode.swift; path = ParserConfigManager.swift; sourceTree = "<group>"; };
		D4AF833C2825FEE70034A7BE /* Info.plist */ = {isa = PBXFileReference; lastKnownFileType = text.plist; path = Info.plist; sourceTree = "<group>"; };
		D4AF833E2826018D0034A7BE /* Main.xib */ = {isa = PBXFileReference; fileEncoding = 4; lastKnownFileType = file.xib; path = Main.xib; sourceTree = "<group>"; };
		D4F5CA9C2817688800A39E6D /* 2FHey.app */ = {isa = PBXFileReference; explicitFileType = wrapper.application; includeInIndex = 0; path = 2FHey.app; sourceTree = BUILT_PRODUCTS_DIR; };
		D4F5CA9F2817688800A39E6D /* AppDelegate.swift */ = {isa = PBXFileReference; lastKnownFileType = sourcecode.swift; path = AppDelegate.swift; sourceTree = "<group>"; };
		D4F5CAA32817688900A39E6D /* Assets.xcassets */ = {isa = PBXFileReference; lastKnownFileType = folder.assetcatalog; path = Assets.xcassets; sourceTree = "<group>"; };
		D4F5CAA62817688900A39E6D /* Base */ = {isa = PBXFileReference; lastKnownFileType = file.storyboard; name = Base; path = Base.lproj/Main.storyboard; sourceTree = "<group>"; };
		D4F5CAA82817688900A39E6D /* TwoFHey.entitlements */ = {isa = PBXFileReference; lastKnownFileType = text.plist.entitlements; path = TwoFHey.entitlements; sourceTree = "<group>"; };
		D4F5CAAF281768B000A39E6D /* OTPParserContants.swift */ = {isa = PBXFileReference; fileEncoding = 4; lastKnownFileType = sourcecode.swift; path = OTPParserContants.swift; sourceTree = "<group>"; };
		D4F5CAB0281768B000A39E6D /* CustomOTPParser.swift */ = {isa = PBXFileReference; fileEncoding = 4; lastKnownFileType = sourcecode.swift; path = CustomOTPParser.swift; sourceTree = "<group>"; };
		D4F5CAB1281768B000A39E6D /* OTPParser.swift */ = {isa = PBXFileReference; fileEncoding = 4; lastKnownFileType = sourcecode.swift; path = OTPParser.swift; sourceTree = "<group>"; };
		D4F5CAB6281768C500A39E6D /* OverlayView.swift */ = {isa = PBXFileReference; fileEncoding = 4; lastKnownFileType = sourcecode.swift; path = OverlayView.swift; sourceTree = "<group>"; };
		D4F5CABB281768E100A39E6D /* Message.swift */ = {isa = PBXFileReference; fileEncoding = 4; lastKnownFileType = sourcecode.swift; path = Message.swift; sourceTree = "<group>"; };
		D4F5CABD281768EC00A39E6D /* MessageManager.swift */ = {isa = PBXFileReference; fileEncoding = 4; lastKnownFileType = sourcecode.swift; path = MessageManager.swift; sourceTree = "<group>"; };
		D4F5CAC22817725100A39E6D /* AppStateManager.swift */ = {isa = PBXFileReference; lastKnownFileType = sourcecode.swift; path = AppStateManager.swift; sourceTree = "<group>"; };
/* End PBXFileReference section */

/* Begin PBXFrameworksBuildPhase section */
		D4123A792826EF3B002C3C42 /* Frameworks */ = {
			isa = PBXFrameworksBuildPhase;
			buildActionMask = 2147483647;
			files = (
			);
			runOnlyForDeploymentPostprocessing = 0;
		};
		D4331329281F630400AC5343 /* Frameworks */ = {
			isa = PBXFrameworksBuildPhase;
			buildActionMask = 2147483647;
			files = (
			);
			runOnlyForDeploymentPostprocessing = 0;
		};
		D4F5CA992817688800A39E6D /* Frameworks */ = {
			isa = PBXFrameworksBuildPhase;
			buildActionMask = 2147483647;
			files = (
				D4331341281F655900AC5343 /* ServiceManagement.framework in Frameworks */,
				D4331327281F5D3500AC5343 /* SQLite in Frameworks */,
				D4331344281F6B6700AC5343 /* HotKey in Frameworks */,
				D41FABD828177D7F00B0F829 /* WebKit.framework in Frameworks */,
			);
			runOnlyForDeploymentPostprocessing = 0;
		};
/* End PBXFrameworksBuildPhase section */

/* Begin PBXGroup section */
		D4123A7D2826EF3B002C3C42 /* TwoFHeyTests */ = {
			isa = PBXGroup;
			children = (
				D4123A7E2826EF3B002C3C42 /* TwoFHeyTests.swift */,
			);
			path = TwoFHeyTests;
			sourceTree = "<group>";
		};
		D41FABD628177D7F00B0F829 /* Frameworks */ = {
			isa = PBXGroup;
			children = (
				D4331340281F655900AC5343 /* ServiceManagement.framework */,
				D41FABD728177D7F00B0F829 /* WebKit.framework */,
			);
			name = Frameworks;
			sourceTree = "<group>";
		};
		D433132D281F630400AC5343 /* AutoLauncher */ = {
			isa = PBXGroup;
			children = (
				D433133B281F639800AC5343 /* Info.plist */,
				D433132E281F630400AC5343 /* AutoLauncherAppDelegate.swift */,
				D4331337281F630600AC5343 /* AutoLauncher.entitlements */,
				D4AF833E2826018D0034A7BE /* Main.xib */,
			);
			path = AutoLauncher;
			sourceTree = "<group>";
		};
		D479A3E52822B5A100915AAA /* DataManagement */ = {
			isa = PBXGroup;
			children = (
				D4F5CABD281768EC00A39E6D /* MessageManager.swift */,
				D4F5CAC22817725100A39E6D /* AppStateManager.swift */,
				D479A3E62822B7B300915AAA /* ParserConfigManager.swift */,
			);
			path = DataManagement;
			sourceTree = "<group>";
		};
		D4F5CA932817688800A39E6D = {
			isa = PBXGroup;
			children = (
				D4F5CA9E2817688800A39E6D /* TwoFHey */,
				D433132D281F630400AC5343 /* AutoLauncher */,
				D4123A7D2826EF3B002C3C42 /* TwoFHeyTests */,
				D4F5CA9D2817688800A39E6D /* Products */,
				D41FABD628177D7F00B0F829 /* Frameworks */,
			);
			sourceTree = "<group>";
		};
		D4F5CA9D2817688800A39E6D /* Products */ = {
			isa = PBXGroup;
			children = (
				D4F5CA9C2817688800A39E6D /* 2FHey.app */,
				D433132C281F630400AC5343 /* AutoLauncher.app */,
				D4123A7C2826EF3B002C3C42 /* TwoFHeyTests.xctest */,
			);
			name = Products;
			sourceTree = "<group>";
		};
		D4F5CA9E2817688800A39E6D /* TwoFHey */ = {
			isa = PBXGroup;
			children = (
				D4AF833C2825FEE70034A7BE /* Info.plist */,
				D479A3E52822B5A100915AAA /* DataManagement */,
				D4F5CABA281768D800A39E6D /* Models */,
				D4F5CAB5281768BE00A39E6D /* Views */,
				D4F5CAAE281768A100A39E6D /* OTPParser */,
				D4F5CA9F2817688800A39E6D /* AppDelegate.swift */,
				6547376D29B8973800523B18 /* Permission.swift */,
				658FC8B929B8395D008CB815 /* ViewControllerNative.swift */,
				D4F5CAA32817688900A39E6D /* Assets.xcassets */,
				D4F5CAA52817688900A39E6D /* Main.storyboard */,
				D4F5CAA82817688900A39E6D /* TwoFHey.entitlements */,
				D41FABE428178CDB00B0F829 /* main.swift */,
				D4123A7528261377002C3C42 /* UIConstants.swift */,
			);
			path = TwoFHey;
			sourceTree = "<group>";
		};
		D4F5CAAE281768A100A39E6D /* OTPParser */ = {
			isa = PBXGroup;
			children = (
				D4F5CAB0281768B000A39E6D /* CustomOTPParser.swift */,
				D4F5CAB1281768B000A39E6D /* OTPParser.swift */,
				D4F5CAAF281768B000A39E6D /* OTPParserContants.swift */,
				D479A3DF2821E74500915AAA /* CustomOTPParsers.swift */,
				D479A3E12821EE2600915AAA /* Extensions.swift */,
				D479A3E32821FF9A00915AAA /* OTPParserConfiguration.swift */,
			);
			path = OTPParser;
			sourceTree = "<group>";
		};
		D4F5CAB5281768BE00A39E6D /* Views */ = {
			isa = PBXGroup;
			children = (
				D4F5CAB6281768C500A39E6D /* OverlayView.swift */,
			);
			path = Views;
			sourceTree = "<group>";
		};
		D4F5CABA281768D800A39E6D /* Models */ = {
			isa = PBXGroup;
			children = (
				D4F5CABB281768E100A39E6D /* Message.swift */,
			);
			path = Models;
			sourceTree = "<group>";
		};
/* End PBXGroup section */

/* Begin PBXNativeTarget section */
		D4123A7B2826EF3B002C3C42 /* TwoFHeyTests */ = {
			isa = PBXNativeTarget;
			buildConfigurationList = D4123A822826EF3B002C3C42 /* Build configuration list for PBXNativeTarget "TwoFHeyTests" */;
			buildPhases = (
				D4123A782826EF3B002C3C42 /* Sources */,
				D4123A792826EF3B002C3C42 /* Frameworks */,
				D4123A7A2826EF3B002C3C42 /* Resources */,
			);
			buildRules = (
			);
			dependencies = (
				0F6D3C712BA8C51B00FCC40A /* PBXTargetDependency */,
			);
			name = TwoFHeyTests;
			productName = TwoFHeyTests;
			productReference = D4123A7C2826EF3B002C3C42 /* TwoFHeyTests.xctest */;
			productType = "com.apple.product-type.bundle.unit-test";
		};
		D433132B281F630400AC5343 /* AutoLauncher */ = {
			isa = PBXNativeTarget;
			buildConfigurationList = D4331338281F630600AC5343 /* Build configuration list for PBXNativeTarget "AutoLauncher" */;
			buildPhases = (
				D4331328281F630400AC5343 /* Sources */,
				D4331329281F630400AC5343 /* Frameworks */,
				D433132A281F630400AC5343 /* Resources */,
			);
			buildRules = (
			);
			dependencies = (
			);
			name = AutoLauncher;
			productName = AutoLauncher;
			productReference = D433132C281F630400AC5343 /* AutoLauncher.app */;
			productType = "com.apple.product-type.application";
		};
		D4F5CA9B2817688800A39E6D /* TwoFHey */ = {
			isa = PBXNativeTarget;
			buildConfigurationList = D4F5CAAB2817688900A39E6D /* Build configuration list for PBXNativeTarget "TwoFHey" */;
			buildPhases = (
				D4F5CA982817688800A39E6D /* Sources */,
				D4F5CA992817688800A39E6D /* Frameworks */,
				D4F5CA9A2817688800A39E6D /* Resources */,
				D433133E281F652900AC5343 /* Copy Files */,
				6547376F29B89DD300523B18 /* Reset Accessibility Permissions */,
			);
			buildRules = (
			);
			dependencies = (
			);
			name = TwoFHey;
			packageProductDependencies = (
				D4331326281F5D3500AC5343 /* SQLite */,
				D4331343281F6B6700AC5343 /* HotKey */,
			);
			productName = TwoFHey;
			productReference = D4F5CA9C2817688800A39E6D /* 2FHey.app */;
			productType = "com.apple.product-type.application";
		};
/* End PBXNativeTarget section */

/* Begin PBXProject section */
		D4F5CA942817688800A39E6D /* Project object */ = {
			isa = PBXProject;
			attributes = {
				BuildIndependentTargetsInParallel = 1;
				LastSwiftUpdateCheck = 1330;
				LastUpgradeCheck = 1530;
				TargetAttributes = {
					D4123A7B2826EF3B002C3C42 = {
						CreatedOnToolsVersion = 13.3.1;
						TestTargetID = D4F5CA9B2817688800A39E6D;
					};
					D433132B281F630400AC5343 = {
						CreatedOnToolsVersion = 13.3.1;
					};
					D4F5CA9B2817688800A39E6D = {
						CreatedOnToolsVersion = 13.3.1;
					};
				};
			};
			buildConfigurationList = D4F5CA972817688800A39E6D /* Build configuration list for PBXProject "TwoFHey" */;
			compatibilityVersion = "Xcode 13.0";
			developmentRegion = en;
			hasScannedForEncodings = 0;
			knownRegions = (
				en,
				Base,
			);
			mainGroup = D4F5CA932817688800A39E6D;
			packageReferences = (
				D4331325281F5D3500AC5343 /* XCRemoteSwiftPackageReference "SQLite.swift" */,
				D4331342281F6B6700AC5343 /* XCRemoteSwiftPackageReference "HotKey" */,
			);
			productRefGroup = D4F5CA9D2817688800A39E6D /* Products */;
			projectDirPath = "";
			projectRoot = "";
			targets = (
				D4F5CA9B2817688800A39E6D /* TwoFHey */,
				D433132B281F630400AC5343 /* AutoLauncher */,
				D4123A7B2826EF3B002C3C42 /* TwoFHeyTests */,
			);
		};
/* End PBXProject section */

/* Begin PBXResourcesBuildPhase section */
		D4123A7A2826EF3B002C3C42 /* Resources */ = {
			isa = PBXResourcesBuildPhase;
			buildActionMask = 2147483647;
			files = (
			);
			runOnlyForDeploymentPostprocessing = 0;
		};
		D433132A281F630400AC5343 /* Resources */ = {
			isa = PBXResourcesBuildPhase;
			buildActionMask = 2147483647;
			files = (
				D4AF833F2826018D0034A7BE /* Main.xib in Resources */,
			);
			runOnlyForDeploymentPostprocessing = 0;
		};
		D4F5CA9A2817688800A39E6D /* Resources */ = {
			isa = PBXResourcesBuildPhase;
			buildActionMask = 2147483647;
			files = (
				D4F5CAA42817688900A39E6D /* Assets.xcassets in Resources */,
				D4F5CAA72817688900A39E6D /* Main.storyboard in Resources */,
			);
			runOnlyForDeploymentPostprocessing = 0;
		};
/* End PBXResourcesBuildPhase section */

/* Begin PBXShellScriptBuildPhase section */
		6547376F29B89DD300523B18 /* Reset Accessibility Permissions */ = {
			isa = PBXShellScriptBuildPhase;
			alwaysOutOfDate = 1;
			buildActionMask = 2147483647;
			files = (
			);
			inputFileListPaths = (
			);
			inputPaths = (
			);
			name = "Reset Accessibility Permissions";
			outputFileListPaths = (
			);
			outputPaths = (
			);
			runOnlyForDeploymentPostprocessing = 0;
			shellPath = /bin/sh;
			shellScript = "# Type a script or drag a script file from your workspace to insert its path.\ntccutil reset Accessibility $PRODUCT_BUNDLE_IDENTIFIER || true\n";
		};
/* End PBXShellScriptBuildPhase section */

/* Begin PBXSourcesBuildPhase section */
		D4123A782826EF3B002C3C42 /* Sources */ = {
			isa = PBXSourcesBuildPhase;
			buildActionMask = 2147483647;
			files = (
				D4123A7F2826EF3B002C3C42 /* TwoFHeyTests.swift in Sources */,
			);
			runOnlyForDeploymentPostprocessing = 0;
		};
		D4331328281F630400AC5343 /* Sources */ = {
			isa = PBXSourcesBuildPhase;
			buildActionMask = 2147483647;
			files = (
				D433132F281F630400AC5343 /* AutoLauncherAppDelegate.swift in Sources */,
			);
			runOnlyForDeploymentPostprocessing = 0;
		};
		D4F5CA982817688800A39E6D /* Sources */ = {
			isa = PBXSourcesBuildPhase;
			buildActionMask = 2147483647;
			files = (
				D4F5CABE281768EC00A39E6D /* MessageManager.swift in Sources */,
				D4F5CAB4281768B000A39E6D /* OTPParser.swift in Sources */,
				D4123A7628261377002C3C42 /* UIConstants.swift in Sources */,
				D4F5CAC32817725100A39E6D /* AppStateManager.swift in Sources */,
				D479A3E42821FF9A00915AAA /* OTPParserConfiguration.swift in Sources */,
				D479A3E02821E74500915AAA /* CustomOTPParsers.swift in Sources */,
				D479A3E72822B7B300915AAA /* ParserConfigManager.swift in Sources */,
				D4F5CAB2281768B000A39E6D /* OTPParserContants.swift in Sources */,
				D4AF833B2825FE400034A7BE /* main.swift in Sources */,
				D4F5CAB8281768C500A39E6D /* OverlayView.swift in Sources */,
				658FC8BA29B8395D008CB815 /* ViewControllerNative.swift in Sources */,
				D479A3E22821EE2600915AAA /* Extensions.swift in Sources */,
				D4F5CAA02817688800A39E6D /* AppDelegate.swift in Sources */,
				D4F5CABC281768E100A39E6D /* Message.swift in Sources */,
				6547376E29B8973800523B18 /* Permission.swift in Sources */,
				D4F5CAB3281768B000A39E6D /* CustomOTPParser.swift in Sources */,
			);
			runOnlyForDeploymentPostprocessing = 0;
		};
/* End PBXSourcesBuildPhase section */

/* Begin PBXTargetDependency section */
		0F6D3C712BA8C51B00FCC40A /* PBXTargetDependency */ = {
			isa = PBXTargetDependency;
			target = D4F5CA9B2817688800A39E6D /* TwoFHey */;
			targetProxy = 0F6D3C702BA8C51B00FCC40A /* PBXContainerItemProxy */;
		};
/* End PBXTargetDependency section */

/* Begin PBXVariantGroup section */
		D4F5CAA52817688900A39E6D /* Main.storyboard */ = {
			isa = PBXVariantGroup;
			children = (
				D4F5CAA62817688900A39E6D /* Base */,
			);
			name = Main.storyboard;
			sourceTree = "<group>";
		};
/* End PBXVariantGroup section */

/* Begin XCBuildConfiguration section */
		D4123A832826EF3B002C3C42 /* Debug */ = {
			isa = XCBuildConfiguration;
			buildSettings = {
				BUNDLE_LOADER = "$(BUILD_DIR)/$(CONFIGURATION)$(EFFECTIVE_PLATFORM_NAME)/2FHey.app/Contents/MacOS/2FHey";
				CODE_SIGN_IDENTITY = "Apple Development";
				CODE_SIGN_STYLE = Automatic;
				CURRENT_PROJECT_VERSION = 1;
				DEAD_CODE_STRIPPING = YES;
				DEVELOPMENT_TEAM = 2H66PPM438;
				GENERATE_INFOPLIST_FILE = YES;
				MARKETING_VERSION = 1.0;
				PRODUCT_BUNDLE_IDENTIFIER = com.sofriendly.2fhey.TwoFHeyTests;
				PRODUCT_NAME = "$(TARGET_NAME)";
				PROVISIONING_PROFILE_SPECIFIER = "";
				SWIFT_EMIT_LOC_STRINGS = NO;
				SWIFT_VERSION = 5.0;
				TEST_HOST = "$(BUILT_PRODUCTS_DIR)/2FHey.app/$(BUNDLE_EXECUTABLE_FOLDER_PATH)/2FHey";
			};
			name = Debug;
		};
		D4123A842826EF3B002C3C42 /* Release */ = {
			isa = XCBuildConfiguration;
			buildSettings = {
				BUNDLE_LOADER = "$(TEST_HOST)";
				CODE_SIGN_IDENTITY = "Apple Development";
				CODE_SIGN_STYLE = Automatic;
				CURRENT_PROJECT_VERSION = 1;
				DEAD_CODE_STRIPPING = YES;
				DEVELOPMENT_TEAM = 2H66PPM438;
				GENERATE_INFOPLIST_FILE = YES;
				MARKETING_VERSION = 1.0;
				PRODUCT_BUNDLE_IDENTIFIER = com.sofriendly.2fhey.TwoFHeyTests;
				PRODUCT_NAME = "$(TARGET_NAME)";
				PROVISIONING_PROFILE_SPECIFIER = "";
				SWIFT_EMIT_LOC_STRINGS = NO;
				SWIFT_VERSION = 5.0;
				TEST_HOST = "$(BUILT_PRODUCTS_DIR)/2FHey.app/$(BUNDLE_EXECUTABLE_FOLDER_PATH)/2FHey";
			};
			name = Release;
		};
		D4331339281F630600AC5343 /* Debug */ = {
			isa = XCBuildConfiguration;
			buildSettings = {
				ASSETCATALOG_COMPILER_APPICON_NAME = AppIcon;
				ASSETCATALOG_COMPILER_GLOBAL_ACCENT_COLOR_NAME = AccentColor;
				CODE_SIGN_ENTITLEMENTS = AutoLauncher/AutoLauncher.entitlements;
				CODE_SIGN_IDENTITY = "Apple Development";
				CODE_SIGN_STYLE = Automatic;
				COMBINE_HIDPI_IMAGES = YES;
				CURRENT_PROJECT_VERSION = 1;
				DEAD_CODE_STRIPPING = YES;
				DEVELOPMENT_TEAM = 2H66PPM438;
				ENABLE_HARDENED_RUNTIME = YES;
				GENERATE_INFOPLIST_FILE = YES;
				INFOPLIST_FILE = AutoLauncher/Info.plist;
				INFOPLIST_KEY_LSApplicationCategoryType = "public.app-category.utilities";
				INFOPLIST_KEY_NSHumanReadableCopyright = "";
				INFOPLIST_KEY_NSPrincipalClass = NSApplication;
				LD_RUNPATH_SEARCH_PATHS = (
					"$(inherited)",
					"@executable_path/../Frameworks",
				);
				MARKETING_VERSION = 1.0.1;
				PRODUCT_BUNDLE_IDENTIFIER = com.sofriendly.2fhey.AutoLauncher;
				PRODUCT_NAME = "$(TARGET_NAME)";
				PROVISIONING_PROFILE_SPECIFIER = "";
				SKIP_INSTALL = YES;
				SWIFT_EMIT_LOC_STRINGS = YES;
				SWIFT_VERSION = 5.0;
			};
			name = Debug;
		};
		D433133A281F630600AC5343 /* Release */ = {
			isa = XCBuildConfiguration;
			buildSettings = {
				ASSETCATALOG_COMPILER_APPICON_NAME = AppIcon;
				ASSETCATALOG_COMPILER_GLOBAL_ACCENT_COLOR_NAME = AccentColor;
				CODE_SIGN_ENTITLEMENTS = AutoLauncher/AutoLauncher.entitlements;
				CODE_SIGN_IDENTITY = "Apple Development";
				CODE_SIGN_STYLE = Automatic;
				COMBINE_HIDPI_IMAGES = YES;
				CURRENT_PROJECT_VERSION = 1;
				DEAD_CODE_STRIPPING = YES;
				DEVELOPMENT_TEAM = 2H66PPM438;
				ENABLE_HARDENED_RUNTIME = YES;
				GENERATE_INFOPLIST_FILE = YES;
				INFOPLIST_FILE = AutoLauncher/Info.plist;
				INFOPLIST_KEY_LSApplicationCategoryType = "public.app-category.utilities";
				INFOPLIST_KEY_NSHumanReadableCopyright = "";
				INFOPLIST_KEY_NSPrincipalClass = NSApplication;
				LD_RUNPATH_SEARCH_PATHS = (
					"$(inherited)",
					"@executable_path/../Frameworks",
				);
				MARKETING_VERSION = 1.0.1;
				PRODUCT_BUNDLE_IDENTIFIER = com.sofriendly.2fhey.AutoLauncher;
				PRODUCT_NAME = "$(TARGET_NAME)";
				PROVISIONING_PROFILE_SPECIFIER = "";
				SKIP_INSTALL = YES;
				SWIFT_EMIT_LOC_STRINGS = YES;
				SWIFT_VERSION = 5.0;
			};
			name = Release;
		};
		D4F5CAA92817688900A39E6D /* Debug */ = {
			isa = XCBuildConfiguration;
			buildSettings = {
				ALWAYS_SEARCH_USER_PATHS = NO;
				ASSETCATALOG_COMPILER_GENERATE_SWIFT_ASSET_SYMBOL_EXTENSIONS = YES;
				CLANG_ANALYZER_NONNULL = YES;
				CLANG_ANALYZER_NUMBER_OBJECT_CONVERSION = YES_AGGRESSIVE;
				CLANG_CXX_LANGUAGE_STANDARD = "gnu++17";
				CLANG_ENABLE_MODULES = YES;
				CLANG_ENABLE_OBJC_ARC = YES;
				CLANG_ENABLE_OBJC_WEAK = YES;
				CLANG_WARN_BLOCK_CAPTURE_AUTORELEASING = YES;
				CLANG_WARN_BOOL_CONVERSION = YES;
				CLANG_WARN_COMMA = YES;
				CLANG_WARN_CONSTANT_CONVERSION = YES;
				CLANG_WARN_DEPRECATED_OBJC_IMPLEMENTATIONS = YES;
				CLANG_WARN_DIRECT_OBJC_ISA_USAGE = YES_ERROR;
				CLANG_WARN_DOCUMENTATION_COMMENTS = YES;
				CLANG_WARN_EMPTY_BODY = YES;
				CLANG_WARN_ENUM_CONVERSION = YES;
				CLANG_WARN_INFINITE_RECURSION = YES;
				CLANG_WARN_INT_CONVERSION = YES;
				CLANG_WARN_NON_LITERAL_NULL_CONVERSION = YES;
				CLANG_WARN_OBJC_IMPLICIT_RETAIN_SELF = YES;
				CLANG_WARN_OBJC_LITERAL_CONVERSION = YES;
				CLANG_WARN_OBJC_ROOT_CLASS = YES_ERROR;
				CLANG_WARN_QUOTED_INCLUDE_IN_FRAMEWORK_HEADER = YES;
				CLANG_WARN_RANGE_LOOP_ANALYSIS = YES;
				CLANG_WARN_STRICT_PROTOTYPES = YES;
				CLANG_WARN_SUSPICIOUS_MOVE = YES;
				CLANG_WARN_UNGUARDED_AVAILABILITY = YES_AGGRESSIVE;
				CLANG_WARN_UNREACHABLE_CODE = YES;
				CLANG_WARN__DUPLICATE_METHOD_MATCH = YES;
				COPY_PHASE_STRIP = NO;
				DEAD_CODE_STRIPPING = YES;
				DEBUG_INFORMATION_FORMAT = dwarf;
				ENABLE_STRICT_OBJC_MSGSEND = YES;
				ENABLE_TESTABILITY = YES;
				ENABLE_USER_SCRIPT_SANDBOXING = YES;
				GCC_C_LANGUAGE_STANDARD = gnu11;
				GCC_DYNAMIC_NO_PIC = NO;
				GCC_NO_COMMON_BLOCKS = YES;
				GCC_OPTIMIZATION_LEVEL = 0;
				GCC_PREPROCESSOR_DEFINITIONS = (
					"DEBUG=1",
					"$(inherited)",
				);
				GCC_WARN_64_TO_32_BIT_CONVERSION = YES;
				GCC_WARN_ABOUT_RETURN_TYPE = YES_ERROR;
				GCC_WARN_UNDECLARED_SELECTOR = YES;
				GCC_WARN_UNINITIALIZED_AUTOS = YES_AGGRESSIVE;
				GCC_WARN_UNUSED_FUNCTION = YES;
				GCC_WARN_UNUSED_VARIABLE = YES;
				MACOSX_DEPLOYMENT_TARGET = 10.15;
				MTL_ENABLE_DEBUG_INFO = INCLUDE_SOURCE;
				MTL_FAST_MATH = YES;
				ONLY_ACTIVE_ARCH = YES;
				PRODUCT_NAME = 2FHey;
				SDKROOT = macosx;
				SWIFT_ACTIVE_COMPILATION_CONDITIONS = DEBUG;
				SWIFT_OPTIMIZATION_LEVEL = "-Onone";
			};
			name = Debug;
		};
		D4F5CAAA2817688900A39E6D /* Release */ = {
			isa = XCBuildConfiguration;
			buildSettings = {
				ALWAYS_SEARCH_USER_PATHS = NO;
				ASSETCATALOG_COMPILER_GENERATE_SWIFT_ASSET_SYMBOL_EXTENSIONS = YES;
				CLANG_ANALYZER_NONNULL = YES;
				CLANG_ANALYZER_NUMBER_OBJECT_CONVERSION = YES_AGGRESSIVE;
				CLANG_CXX_LANGUAGE_STANDARD = "gnu++17";
				CLANG_ENABLE_MODULES = YES;
				CLANG_ENABLE_OBJC_ARC = YES;
				CLANG_ENABLE_OBJC_WEAK = YES;
				CLANG_WARN_BLOCK_CAPTURE_AUTORELEASING = YES;
				CLANG_WARN_BOOL_CONVERSION = YES;
				CLANG_WARN_COMMA = YES;
				CLANG_WARN_CONSTANT_CONVERSION = YES;
				CLANG_WARN_DEPRECATED_OBJC_IMPLEMENTATIONS = YES;
				CLANG_WARN_DIRECT_OBJC_ISA_USAGE = YES_ERROR;
				CLANG_WARN_DOCUMENTATION_COMMENTS = YES;
				CLANG_WARN_EMPTY_BODY = YES;
				CLANG_WARN_ENUM_CONVERSION = YES;
				CLANG_WARN_INFINITE_RECURSION = YES;
				CLANG_WARN_INT_CONVERSION = YES;
				CLANG_WARN_NON_LITERAL_NULL_CONVERSION = YES;
				CLANG_WARN_OBJC_IMPLICIT_RETAIN_SELF = YES;
				CLANG_WARN_OBJC_LITERAL_CONVERSION = YES;
				CLANG_WARN_OBJC_ROOT_CLASS = YES_ERROR;
				CLANG_WARN_QUOTED_INCLUDE_IN_FRAMEWORK_HEADER = YES;
				CLANG_WARN_RANGE_LOOP_ANALYSIS = YES;
				CLANG_WARN_STRICT_PROTOTYPES = YES;
				CLANG_WARN_SUSPICIOUS_MOVE = YES;
				CLANG_WARN_UNGUARDED_AVAILABILITY = YES_AGGRESSIVE;
				CLANG_WARN_UNREACHABLE_CODE = YES;
				CLANG_WARN__DUPLICATE_METHOD_MATCH = YES;
				COPY_PHASE_STRIP = NO;
				DEAD_CODE_STRIPPING = YES;
				DEBUG_INFORMATION_FORMAT = "dwarf-with-dsym";
				ENABLE_NS_ASSERTIONS = NO;
				ENABLE_STRICT_OBJC_MSGSEND = YES;
				ENABLE_USER_SCRIPT_SANDBOXING = YES;
				GCC_C_LANGUAGE_STANDARD = gnu11;
				GCC_NO_COMMON_BLOCKS = YES;
				GCC_WARN_64_TO_32_BIT_CONVERSION = YES;
				GCC_WARN_ABOUT_RETURN_TYPE = YES_ERROR;
				GCC_WARN_UNDECLARED_SELECTOR = YES;
				GCC_WARN_UNINITIALIZED_AUTOS = YES_AGGRESSIVE;
				GCC_WARN_UNUSED_FUNCTION = YES;
				GCC_WARN_UNUSED_VARIABLE = YES;
				MACOSX_DEPLOYMENT_TARGET = 10.15;
				MTL_ENABLE_DEBUG_INFO = NO;
				MTL_FAST_MATH = YES;
				PRODUCT_NAME = 2FHey;
				SDKROOT = macosx;
				SWIFT_COMPILATION_MODE = wholemodule;
				SWIFT_OPTIMIZATION_LEVEL = "-O";
			};
			name = Release;
		};
		D4F5CAAC2817688900A39E6D /* Debug */ = {
			isa = XCBuildConfiguration;
			buildSettings = {
				ARCHS = "$(ARCHS_STANDARD)";
				ASSETCATALOG_COMPILER_APPICON_NAME = AppIcon;
				ASSETCATALOG_COMPILER_GLOBAL_ACCENT_COLOR_NAME = AccentColor;
				ASSETCATALOG_COMPILER_INCLUDE_ALL_APPICON_ASSETS = NO;
				CODE_SIGN_ENTITLEMENTS = TwoFHey/TwoFHey.entitlements;
				CODE_SIGN_IDENTITY = "Apple Development";
				CODE_SIGN_STYLE = Automatic;
				COMBINE_HIDPI_IMAGES = YES;
				CURRENT_PROJECT_VERSION = 2;
				DEAD_CODE_STRIPPING = YES;
				DEVELOPMENT_TEAM = 2H66PPM438;
				ENABLE_HARDENED_RUNTIME = YES;
				GENERATE_INFOPLIST_FILE = YES;
				INFOPLIST_FILE = TwoFHey/Info.plist;
				INFOPLIST_KEY_LSApplicationCategoryType = "public.app-category.utilities";
				INFOPLIST_KEY_NSHumanReadableCopyright = "";
				INFOPLIST_KEY_NSPrincipalClass = NSApplication;
				LD_RUNPATH_SEARCH_PATHS = (
					"$(inherited)",
					"@executable_path/../Frameworks",
				);
				MARKETING_VERSION = 1.3;
				PRODUCT_BUNDLE_IDENTIFIER = com.sofriendly.2fhey;
				PRODUCT_NAME = 2FHey;
				PROVISIONING_PROFILE_SPECIFIER = "";
				SWIFT_EMIT_LOC_STRINGS = YES;
				SWIFT_VERSION = 5.0;
			};
			name = Debug;
		};
		D4F5CAAD2817688900A39E6D /* Release */ = {
			isa = XCBuildConfiguration;
			buildSettings = {
				ARCHS = "$(ARCHS_STANDARD)";
				ASSETCATALOG_COMPILER_APPICON_NAME = AppIcon;
				ASSETCATALOG_COMPILER_GLOBAL_ACCENT_COLOR_NAME = AccentColor;
				ASSETCATALOG_COMPILER_INCLUDE_ALL_APPICON_ASSETS = NO;
				CODE_SIGN_ENTITLEMENTS = TwoFHey/TwoFHey.entitlements;
				CODE_SIGN_IDENTITY = "Apple Development";
				CODE_SIGN_STYLE = Automatic;
				COMBINE_HIDPI_IMAGES = YES;
				CURRENT_PROJECT_VERSION = 2;
				DEAD_CODE_STRIPPING = YES;
				DEVELOPMENT_TEAM = 2H66PPM438;
				ENABLE_HARDENED_RUNTIME = YES;
				GENERATE_INFOPLIST_FILE = YES;
				INFOPLIST_FILE = TwoFHey/Info.plist;
				INFOPLIST_KEY_LSApplicationCategoryType = "public.app-category.utilities";
				INFOPLIST_KEY_NSHumanReadableCopyright = "";
				INFOPLIST_KEY_NSPrincipalClass = NSApplication;
				LD_RUNPATH_SEARCH_PATHS = (
					"$(inherited)",
					"@executable_path/../Frameworks",
				);
				MARKETING_VERSION = 1.3;
				PRODUCT_BUNDLE_IDENTIFIER = com.sofriendly.2fhey;
				PRODUCT_NAME = 2FHey;
				PROVISIONING_PROFILE_SPECIFIER = "";
				SWIFT_EMIT_LOC_STRINGS = YES;
				SWIFT_VERSION = 5.0;
			};
			name = Release;
		};
/* End XCBuildConfiguration section */

/* Begin XCConfigurationList section */
		D4123A822826EF3B002C3C42 /* Build configuration list for PBXNativeTarget "TwoFHeyTests" */ = {
			isa = XCConfigurationList;
			buildConfigurations = (
				D4123A832826EF3B002C3C42 /* Debug */,
				D4123A842826EF3B002C3C42 /* Release */,
			);
			defaultConfigurationIsVisible = 0;
			defaultConfigurationName = Release;
		};
		D4331338281F630600AC5343 /* Build configuration list for PBXNativeTarget "AutoLauncher" */ = {
			isa = XCConfigurationList;
			buildConfigurations = (
				D4331339281F630600AC5343 /* Debug */,
				D433133A281F630600AC5343 /* Release */,
			);
			defaultConfigurationIsVisible = 0;
			defaultConfigurationName = Release;
		};
		D4F5CA972817688800A39E6D /* Build configuration list for PBXProject "TwoFHey" */ = {
			isa = XCConfigurationList;
			buildConfigurations = (
				D4F5CAA92817688900A39E6D /* Debug */,
				D4F5CAAA2817688900A39E6D /* Release */,
			);
			defaultConfigurationIsVisible = 0;
			defaultConfigurationName = Release;
		};
		D4F5CAAB2817688900A39E6D /* Build configuration list for PBXNativeTarget "TwoFHey" */ = {
			isa = XCConfigurationList;
			buildConfigurations = (
				D4F5CAAC2817688900A39E6D /* Debug */,
				D4F5CAAD2817688900A39E6D /* Release */,
			);
			defaultConfigurationIsVisible = 0;
			defaultConfigurationName = Release;
		};
/* End XCConfigurationList section */

/* Begin XCRemoteSwiftPackageReference section */
		D4331325281F5D3500AC5343 /* XCRemoteSwiftPackageReference "SQLite.swift" */ = {
			isa = XCRemoteSwiftPackageReference;
			repositoryURL = "https://github.com/stephencelis/SQLite.swift.git";
			requirement = {
				branch = master;
				kind = branch;
			};
		};
		D4331342281F6B6700AC5343 /* XCRemoteSwiftPackageReference "HotKey" */ = {
			isa = XCRemoteSwiftPackageReference;
			repositoryURL = "https://github.com/soffes/HotKey";
			requirement = {
				branch = master;
				kind = branch;
			};
		};
/* End XCRemoteSwiftPackageReference section */

/* Begin XCSwiftPackageProductDependency section */
		D4331326281F5D3500AC5343 /* SQLite */ = {
			isa = XCSwiftPackageProductDependency;
			package = D4331325281F5D3500AC5343 /* XCRemoteSwiftPackageReference "SQLite.swift" */;
			productName = SQLite;
		};
		D4331343281F6B6700AC5343 /* HotKey */ = {
			isa = XCSwiftPackageProductDependency;
			package = D4331342281F6B6700AC5343 /* XCRemoteSwiftPackageReference "HotKey" */;
			productName = HotKey;
		};
/* End XCSwiftPackageProductDependency section */
	};
	rootObject = D4F5CA942817688800A39E6D /* Project object */;
}
